
Microsoft Visual Studio Solution File, Format Version 12.00
# Visual Studio 15
VisualStudioVersion = 15.0.27703.2026
MinimumVisualStudioVersion = 10.0.40219.1
Project("{FAE04EC0-301F-11D3-BF4B-00C04F79EFBC}") = "CustomFilter", "CustomFilter\CustomFilter.csproj", "{5F7AA60A-41D2-494C-A1AA-517E8FA73A6F}"
EndProject
Global
	GlobalSection(SolutionConfigurationPlatforms) = preSolution
		Debug|Any CPU = Debug|Any CPU
		Release|Any CPU = Release|Any CPU
	EndGlobalSection
	GlobalSection(ProjectConfigurationPlatforms) = postSolution
		{5F7AA60A-41D2-494C-A1AA-517E8FA73A6F}.Debug|Any CPU.ActiveCfg = Debug|Any CPU
		{5F7AA60A-41D2-494C-A1AA-517E8FA73A6F}.Debug|Any CPU.Build.0 = Debug|Any CPU
		{5F7AA60A-41D2-494C-A1AA-517E8FA73A6F}.Release|Any CPU.ActiveCfg = Release|Any CPU
		{5F7AA60A-41D2-494C-A1AA-517E8FA73A6F}.Release|Any CPU.Build.0 = Release|Any CPU
	EndGlobalSection
	GlobalSection(SolutionProperties) = preSolution
		HideSolutionNode = FALSE
	EndGlobalSection
	GlobalSection(ExtensibilityGlobals) = postSolution
		SolutionGuid = {C065A863-259B-44BE-9F41-14EE622F62D6}
	EndGlobalSection
EndGlobal
